PODS:
  - Flutter (1.0.0)
  - flutter_sms (1.1.0):
    - Flutter
  - permission_handler_apple (9.1.1):
    - Flutter
  - telephony (0.0.1):
    - Flutter
  - url_launcher_ios (0.0.1):
    - Flutter

DEPENDENCIES:
  - Flutter (from `Flutter`)
  - flutter_sms (from `.symlinks/plugins/flutter_sms/ios`)
  - permission_handler_apple (from `.symlinks/plugins/permission_handler_apple/ios`)
  - telephony (from `.symlinks/plugins/telephony/ios`)
  - url_launcher_ios (from `.symlinks/plugins/url_launcher_ios/ios`)

EXTERNAL SOURCES:
  Flutter:
    :path: Flutter
  flutter_sms:
    :path: ".symlinks/plugins/flutter_sms/ios"
  permission_handler_apple:
    :path: ".symlinks/plugins/permission_handler_apple/ios"
  telephony:
    :path: ".symlinks/plugins/telephony/ios"
  url_launcher_ios:
    :path: ".symlinks/plugins/url_launcher_ios/ios"

SPEC CHECKSUMS:
  Flutter: f04841e97a9d0b0a8025694d0796dd46242b2854
  flutter_sms: 91ce41530f55c85d6524d82307a5d555844c086a
  permission_handler_apple: e76247795d700c14ea09e3a2d8855d41ee80a2e6
  telephony: c41768fae9fb5495781b05a72004106ca33ec777
  url_launcher_ios: bbd758c6e7f9fd7b5b1d4cde34d2b95fcce5e812

PODFILE CHECKSUM: 70d9d25280d0dd177a5f637cdb0f0b0b12c6a189

COCOAPODS: 1.14.3
